
Microsoft Visual Studio Solution File, Format Version 12.00
# Visual Studio Version 17
VisualStudioVersion = 17.9.34728.123
MinimumVisualStudioVersion = 10.0.40219.1
Project("{FAE04EC0-301F-11D3-BF4B-00C04F79EFBC}") = "1_WebApp", "1_WebApp\1_WebApp.csproj", "{02D4C328-A0A8-40C8-9DC0-5B30D68D14B8}"
EndProject
Project("{FAE04EC0-301F-11D3-BF4B-00C04F79EFBC}") = "2_LearnMiddleware", "2_LearnMiddleware\2_LearnMiddleware.csproj", "{3E20471F-6E10-4400-A8A6-BF8021E73BA1}"
EndProject
Project("{FAE04EC0-301F-11D3-BF4B-00C04F79EFBC}") = "3_Routing", "3_Routing\3_Routing.csproj", "{58516013-C217-41BC-8155-F30B1C0D7A67}"
EndProject
Project("{FAE04EC0-301F-11D3-BF4B-00C04F79EFBC}") = "RoutingExcercise", "RoutingExcercise\RoutingExcercise.csproj", "{6AED74C1-B29A-4398-952F-933BA1AD0AF2}"
EndProject
Project("{FAE04EC0-301F-11D3-BF4B-00C04F79EFBC}") = "4_ModelBinding", "4_ModelBinding\4_ModelBinding.csproj", "{62420456-ED42-4F18-A97F-332B81D34D2E}"
EndProject
Project("{FAE04EC0-301F-11D3-BF4B-00C04F79EFBC}") = "ModelBindingExcercise", "ModelBindingExcercise\ModelBindingExcercise.csproj", "{668F2FC1-6FE4-49D7-9C87-F17134810AA5}"
EndProject
Project("{FAE04EC0-301F-11D3-BF4B-00C04F79EFBC}") = "5_MinimalAPI", "5_MinimalAPI\5_MinimalAPI.csproj", "{E5EDC934-DF2D-42AD-A64B-6FA32BC45236}"
EndProject
Global
	GlobalSection(SolutionConfigurationPlatforms) = preSolution
		Debug|Any CPU = Debug|Any CPU
		Release|Any CPU = Release|Any CPU
	EndGlobalSection
	GlobalSection(ProjectConfigurationPlatforms) = postSolution
		{02D4C328-A0A8-40C8-9DC0-5B30D68D14B8}.Debug|Any CPU.ActiveCfg = Debug|Any CPU
		{02D4C328-A0A8-40C8-9DC0-5B30D68D14B8}.Debug|Any CPU.Build.0 = Debug|Any CPU
		{02D4C328-A0A8-40C8-9DC0-5B30D68D14B8}.Release|Any CPU.ActiveCfg = Release|Any CPU
		{02D4C328-A0A8-40C8-9DC0-5B30D68D14B8}.Release|Any CPU.Build.0 = Release|Any CPU
		{3E20471F-6E10-4400-A8A6-BF8021E73BA1}.Debug|Any CPU.ActiveCfg = Debug|Any CPU
		{3E20471F-6E10-4400-A8A6-BF8021E73BA1}.Debug|Any CPU.Build.0 = Debug|Any CPU
		{3E20471F-6E10-4400-A8A6-BF8021E73BA1}.Release|Any CPU.ActiveCfg = Release|Any CPU
		{3E20471F-6E10-4400-A8A6-BF8021E73BA1}.Release|Any CPU.Build.0 = Release|Any CPU
		{58516013-C217-41BC-8155-F30B1C0D7A67}.Debug|Any CPU.ActiveCfg = Debug|Any CPU
		{58516013-C217-41BC-8155-F30B1C0D7A67}.Debug|Any CPU.Build.0 = Debug|Any CPU
		{58516013-C217-41BC-8155-F30B1C0D7A67}.Release|Any CPU.ActiveCfg = Release|Any CPU
		{58516013-C217-41BC-8155-F30B1C0D7A67}.Release|Any CPU.Build.0 = Release|Any CPU
		{6AED74C1-B29A-4398-952F-933BA1AD0AF2}.Debug|Any CPU.ActiveCfg = Debug|Any CPU
		{6AED74C1-B29A-4398-952F-933BA1AD0AF2}.Debug|Any CPU.Build.0 = Debug|Any CPU
		{6AED74C1-B29A-4398-952F-933BA1AD0AF2}.Release|Any CPU.ActiveCfg = Release|Any CPU
		{6AED74C1-B29A-4398-952F-933BA1AD0AF2}.Release|Any CPU.Build.0 = Release|Any CPU
		{62420456-ED42-4F18-A97F-332B81D34D2E}.Debug|Any CPU.ActiveCfg = Debug|Any CPU
		{62420456-ED42-4F18-A97F-332B81D34D2E}.Debug|Any CPU.Build.0 = Debug|Any CPU
		{62420456-ED42-4F18-A97F-332B81D34D2E}.Release|Any CPU.ActiveCfg = Release|Any CPU
		{62420456-ED42-4F18-A97F-332B81D34D2E}.Release|Any CPU.Build.0 = Release|Any CPU
		{668F2FC1-6FE4-49D7-9C87-F17134810AA5}.Debug|Any CPU.ActiveCfg = Debug|Any CPU
		{668F2FC1-6FE4-49D7-9C87-F17134810AA5}.Debug|Any CPU.Build.0 = Debug|Any CPU
		{668F2FC1-6FE4-49D7-9C87-F17134810AA5}.Release|Any CPU.ActiveCfg = Release|Any CPU
		{668F2FC1-6FE4-49D7-9C87-F17134810AA5}.Release|Any CPU.Build.0 = Release|Any CPU
		{E5EDC934-DF2D-42AD-A64B-6FA32BC45236}.Debug|Any CPU.ActiveCfg = Debug|Any CPU
		{E5EDC934-DF2D-42AD-A64B-6FA32BC45236}.Debug|Any CPU.Build.0 = Debug|Any CPU
		{E5EDC934-DF2D-42AD-A64B-6FA32BC45236}.Release|Any CPU.ActiveCfg = Release|Any CPU
		{E5EDC934-DF2D-42AD-A64B-6FA32BC45236}.Release|Any CPU.Build.0 = Release|Any CPU
	EndGlobalSection
	GlobalSection(SolutionProperties) = preSolution
		HideSolutionNode = FALSE
	EndGlobalSection
	GlobalSection(ExtensibilityGlobals) = postSolution
		SolutionGuid = {F4AEFC54-9A95-483C-BFA2-87E345A1F6C9}
	EndGlobalSection
EndGlobal
